
Microsoft Visual Studio Solution File, Format Version 12.00
# Visual Studio 15
VisualStudioVersion = 15.0.28307.168
MinimumVisualStudioVersion = 10.0.40219.1
Project("{FAE04EC0-301F-11D3-BF4B-00C04F79EFBC}") = "MultiColumnDropDownUWP", "MultiColumnDropDownUWP\MultiColumnDropDownUWP.csproj", "{8169F605-E9DF-4564-A85A-6BC8C84A1163}"
EndProject
Global
	GlobalSection(SolutionConfigurationPlatforms) = preSolution
		Debug|ARM = Debug|ARM
		Debug|ARM64 = Debug|ARM64
		Debug|x64 = Debug|x64
		Debug|x86 = Debug|x86
		Release|ARM = Release|ARM
		Release|ARM64 = Release|ARM64
		Release|x64 = Release|x64
		Release|x86 = Release|x86
	EndGlobalSection
	GlobalSection(ProjectConfigurationPlatforms) = postSolution
		{8169F605-E9DF-4564-A85A-6BC8C84A1163}.Debug|ARM.ActiveCfg = Debug|ARM
		{8169F605-E9DF-4564-A85A-6BC8C84A1163}.Debug|ARM.Build.0 = Debug|ARM
		{8169F605-E9DF-4564-A85A-6BC8C84A1163}.Debug|ARM.Deploy.0 = Debug|ARM
		{8169F605-E9DF-4564-A85A-6BC8C84A1163}.Debug|ARM64.ActiveCfg = Debug|ARM64
		{8169F605-E9DF-4564-A85A-6BC8C84A1163}.Debug|ARM64.Build.0 = Debug|ARM64
		{8169F605-E9DF-4564-A85A-6BC8C84A1163}.Debug|ARM64.Deploy.0 = Debug|ARM64
		{8169F605-E9DF-4564-A85A-6BC8C84A1163}.Debug|x64.ActiveCfg = Debug|x64
		{8169F605-E9DF-4564-A85A-6BC8C84A1163}.Debug|x64.Build.0 = Debug|x64
		{8169F605-E9DF-4564-A85A-6BC8C84A1163}.Debug|x64.Deploy.0 = Debug|x64
		{8169F605-E9DF-4564-A85A-6BC8C84A1163}.Debug|x86.ActiveCfg = Debug|x86
		{8169F605-E9DF-4564-A85A-6BC8C84A1163}.Debug|x86.Build.0 = Debug|x86
		{8169F605-E9DF-4564-A85A-6BC8C84A1163}.Debug|x86.Deploy.0 = Debug|x86
		{8169F605-E9DF-4564-A85A-6BC8C84A1163}.Release|ARM.ActiveCfg = Release|ARM
		{8169F605-E9DF-4564-A85A-6BC8C84A1163}.Release|ARM.Build.0 = Release|ARM
		{8169F605-E9DF-4564-A85A-6BC8C84A1163}.Release|ARM.Deploy.0 = Release|ARM
		{8169F605-E9DF-4564-A85A-6BC8C84A1163}.Release|ARM64.ActiveCfg = Release|ARM64
		{8169F605-E9DF-4564-A85A-6BC8C84A1163}.Release|ARM64.Build.0 = Release|ARM64
		{8169F605-E9DF-4564-A85A-6BC8C84A1163}.Release|ARM64.Deploy.0 = Release|ARM64
		{8169F605-E9DF-4564-A85A-6BC8C84A1163}.Release|x64.ActiveCfg = Release|x64
		{8169F605-E9DF-4564-A85A-6BC8C84A1163}.Release|x64.Build.0 = Release|x64
		{8169F605-E9DF-4564-A85A-6BC8C84A1163}.Release|x64.Deploy.0 = Release|x64
		{8169F605-E9DF-4564-A85A-6BC8C84A1163}.Release|x86.ActiveCfg = Release|x86
		{8169F605-E9DF-4564-A85A-6BC8C84A1163}.Release|x86.Build.0 = Release|x86
		{8169F605-E9DF-4564-A85A-6BC8C84A1163}.Release|x86.Deploy.0 = Release|x86
	EndGlobalSection
	GlobalSection(SolutionProperties) = preSolution
		HideSolutionNode = FALSE
	EndGlobalSection
	GlobalSection(ExtensibilityGlobals) = postSolution
		SolutionGuid = {3CCB14C0-7DAB-46AD-BB9D-EF571974867C}
	EndGlobalSection
EndGlobal
